
Microsoft Visual Studio Solution File, Format Version 12.00
# Visual Studio 15
Project("{FAE04EC0-301F-11D3-BF4B-00C04F79EFBC}") = "Assembly-CSharp", "Assembly-CSharp.csproj", "{3DC66960-778D-5823-92CE-778C3BA54F69}"
EndProject
Project("{FAE04EC0-301F-11D3-BF4B-00C04F79EFBC}") = "Assembly-CSharp-Editor", "Assembly-CSharp-Editor.csproj", "{ACC72757-CC76-217B-C0B4-F7A91C934F17}"
EndProject
Global
	GlobalSection(SolutionConfigurationPlatforms) = preSolution
		Debug|Any CPU = Debug|Any CPU
		Release|Any CPU = Release|Any CPU
	EndGlobalSection
	GlobalSection(ProjectConfigurationPlatforms) = postSolution
		{3DC66960-778D-5823-92CE-778C3BA54F69}.Debug|Any CPU.ActiveCfg = Debug|Any CPU
		{3DC66960-778D-5823-92CE-778C3BA54F69}.Debug|Any CPU.Build.0 = Debug|Any CPU
		{3DC66960-778D-5823-92CE-778C3BA54F69}.Release|Any CPU.ActiveCfg = Release|Any CPU
		{3DC66960-778D-5823-92CE-778C3BA54F69}.Release|Any CPU.Build.0 = Release|Any CPU
		{ACC72757-CC76-217B-C0B4-F7A91C934F17}.Debug|Any CPU.ActiveCfg = Debug|Any CPU
		{ACC72757-CC76-217B-C0B4-F7A91C934F17}.Debug|Any CPU.Build.0 = Debug|Any CPU
		{ACC72757-CC76-217B-C0B4-F7A91C934F17}.Release|Any CPU.ActiveCfg = Release|Any CPU
		{ACC72757-CC76-217B-C0B4-F7A91C934F17}.Release|Any CPU.Build.0 = Release|Any CPU
	EndGlobalSection
	GlobalSection(SolutionProperties) = preSolution
		HideSolutionNode = FALSE
	EndGlobalSection
EndGlobal
